
Microsoft Visual Studio Solution File, Format Version 12.00
# Visual Studio Version 17
VisualStudioVersion = 17.0.31903.59
MinimumVisualStudioVersion = 10.0.40219.1
Project("{9A19103F-16F7-4668-BE54-9A1E7A4F7556}") = "ACadSharp", "ACadSharp\ACadSharp.csproj", "{66B978F6-8ED4-4E14-BD43-BBB86664ADB3}"
EndProject
Project("{9A19103F-16F7-4668-BE54-9A1E7A4F7556}") = "ACadSharp.Examples", "ACadSharp.Examples\ACadSharp.Examples.csproj", "{546C216F-6738-41AD-81A4-12E4BC75E621}"
EndProject
Project("{2150E333-8FDC-42A3-9474-1A3956D46DE8}") = "Solution Items", "Solution Items", "{D4F40AC7-232A-4140-B26C-C432E6B82E53}"
	ProjectSection(SolutionItems) = preProject
		.editorconfig = .editorconfig
		.gitattributes = .gitattributes
		.gitignore = .gitignore
		LICENSE = LICENSE
		README.md = README.md
	EndProjectSection
EndProject
Project("{9A19103F-16F7-4668-BE54-9A1E7A4F7556}") = "ACadSharp.Tests", "ACadSharp.Tests\ACadSharp.Tests.csproj", "{3503AFF9-E9C1-46F4-8E40-81D3035093DD}"
EndProject
Project("{2150E333-8FDC-42A3-9474-1A3956D46DE8}") = "reference", "reference", "{B86AD482-05C4-400E-9CAE-7B96AD6B0C3E}"
	ProjectSection(SolutionItems) = preProject
		reference\ACadFileExploration.xlsx = reference\ACadFileExploration.xlsx
		reference\autocad_2012_pdf_dxf-reference_enu.pdf = reference\autocad_2012_pdf_dxf-reference_enu.pdf
		reference\OpenDesign_Specification_for_.dwg_files.pdf = reference\OpenDesign_Specification_for_.dwg_files.pdf
	EndProjectSection
EndProject
Project("{2150E333-8FDC-42A3-9474-1A3956D46DE8}") = ".github", ".github", "{9F28195B-66DE-4C0C-B1C0-C8BF3300ED9F}"
	ProjectSection(SolutionItems) = preProject
		.github\FUNDING.yml = .github\FUNDING.yml
	EndProjectSection
EndProject
Project("{2150E333-8FDC-42A3-9474-1A3956D46DE8}") = "workflows", "workflows", "{B2461717-C79A-4081-AD58-5DF52D2EC41F}"
	ProjectSection(SolutionItems) = preProject
		.github\workflows\build.yml = .github\workflows\build.yml
		.github\workflows\build_n_test.yml = .github\workflows\build_n_test.yml
		publish.yml = publish.yml
	EndProjectSection
EndProject
Project("{D954291E-2A0B-460D-934E-DC6B0785DB48}") = "CSUtilities", "CSUtilities\CSUtilities\CSUtilities.shproj", "{B4EF345D-52B9-47F1-AA2A-B4AE85F62EFC}"
EndProject
Project("{D954291E-2A0B-460D-934E-DC6B0785DB48}") = "CSMath", "CSUtilities\CSMath\CSMath.shproj", "{411B6122-5EF6-46DB-A8F2-43E9C1841E4A}"
EndProject
Project("{2150E333-8FDC-42A3-9474-1A3956D46DE8}") = "Shared", "Shared", "{824FC7E8-4401-428C-87E7-2EA8A78D54BB}"
EndProject
Project("{9A19103F-16F7-4668-BE54-9A1E7A4F7556}") = "ACadSharpInternal.Tests", "ACadSharpInternal.Tests\ACadSharpInternal.Tests.csproj", "{F426C904-7F30-4069-A6F2-2578B0E262E1}"
EndProject
Global
	GlobalSection(SolutionConfigurationPlatforms) = preSolution
		Debug|Any CPU = Debug|Any CPU
		Release|Any CPU = Release|Any CPU
	EndGlobalSection
	GlobalSection(ProjectConfigurationPlatforms) = postSolution
		{66B978F6-8ED4-4E14-BD43-BBB86664ADB3}.Debug|Any CPU.ActiveCfg = Debug|Any CPU
		{66B978F6-8ED4-4E14-BD43-BBB86664ADB3}.Debug|Any CPU.Build.0 = Debug|Any CPU
		{66B978F6-8ED4-4E14-BD43-BBB86664ADB3}.Release|Any CPU.ActiveCfg = Release|Any CPU
		{66B978F6-8ED4-4E14-BD43-BBB86664ADB3}.Release|Any CPU.Build.0 = Release|Any CPU
		{546C216F-6738-41AD-81A4-12E4BC75E621}.Debug|Any CPU.ActiveCfg = Debug|Any CPU
		{546C216F-6738-41AD-81A4-12E4BC75E621}.Debug|Any CPU.Build.0 = Debug|Any CPU
		{546C216F-6738-41AD-81A4-12E4BC75E621}.Release|Any CPU.ActiveCfg = Release|Any CPU
		{546C216F-6738-41AD-81A4-12E4BC75E621}.Release|Any CPU.Build.0 = Release|Any CPU
		{3503AFF9-E9C1-46F4-8E40-81D3035093DD}.Debug|Any CPU.ActiveCfg = Debug|Any CPU
		{3503AFF9-E9C1-46F4-8E40-81D3035093DD}.Debug|Any CPU.Build.0 = Debug|Any CPU
		{3503AFF9-E9C1-46F4-8E40-81D3035093DD}.Release|Any CPU.ActiveCfg = Release|Any CPU
		{3503AFF9-E9C1-46F4-8E40-81D3035093DD}.Release|Any CPU.Build.0 = Release|Any CPU
		{F426C904-7F30-4069-A6F2-2578B0E262E1}.Debug|Any CPU.ActiveCfg = Debug|Any CPU
		{F426C904-7F30-4069-A6F2-2578B0E262E1}.Debug|Any CPU.Build.0 = Debug|Any CPU
		{F426C904-7F30-4069-A6F2-2578B0E262E1}.Release|Any CPU.ActiveCfg = Release|Any CPU
		{F426C904-7F30-4069-A6F2-2578B0E262E1}.Release|Any CPU.Build.0 = Release|Any CPU
	EndGlobalSection
	GlobalSection(SolutionProperties) = preSolution
		HideSolutionNode = FALSE
	EndGlobalSection
	GlobalSection(NestedProjects) = preSolution
		{B86AD482-05C4-400E-9CAE-7B96AD6B0C3E} = {D4F40AC7-232A-4140-B26C-C432E6B82E53}
		{9F28195B-66DE-4C0C-B1C0-C8BF3300ED9F} = {D4F40AC7-232A-4140-B26C-C432E6B82E53}
		{B2461717-C79A-4081-AD58-5DF52D2EC41F} = {9F28195B-66DE-4C0C-B1C0-C8BF3300ED9F}
		{B4EF345D-52B9-47F1-AA2A-B4AE85F62EFC} = {824FC7E8-4401-428C-87E7-2EA8A78D54BB}
		{411B6122-5EF6-46DB-A8F2-43E9C1841E4A} = {824FC7E8-4401-428C-87E7-2EA8A78D54BB}
	EndGlobalSection
	GlobalSection(ExtensibilityGlobals) = postSolution
		SolutionGuid = {B40C2E48-575E-40D1-88C5-272437A5683F}
	EndGlobalSection
	GlobalSection(SharedMSBuildProjectFiles) = preSolution
		CSUtilities\CSMath\CSMath.projitems*{411b6122-5ef6-46db-a8f2-43e9c1841e4a}*SharedItemsImports = 13
		CSUtilities\CSMath\CSMath.projitems*{66b978f6-8ed4-4e14-bd43-bbb86664adb3}*SharedItemsImports = 5
		CSUtilities\CSUtilities\CSUtilities.projitems*{66b978f6-8ed4-4e14-bd43-bbb86664adb3}*SharedItemsImports = 5
		CSUtilities\CSUtilities\CSUtilities.projitems*{b4ef345d-52b9-47f1-aa2a-b4ae85f62efc}*SharedItemsImports = 13
	EndGlobalSection
EndGlobal
